
Microsoft Visual Studio Solution File, Format Version 12.00
# Visual Studio Version 16
VisualStudioVersion = 16.0.30907.101
MinimumVisualStudioVersion = 10.0.40219.1
Project("{FAE04EC0-301F-11D3-BF4B-00C04F79EFBC}") = "nosleep", "nosleep.csproj", "{2502DF02-92AA-4365-8AF2-AD8A4DC60A5A}"
EndProject
Global
	GlobalSection(SolutionConfigurationPlatforms) = preSolution
		Debug|Any CPU = Debug|Any CPU
		Release|Any CPU = Release|Any CPU
	EndGlobalSection
	GlobalSection(ProjectConfigurationPlatforms) = postSolution
		{2502DF02-92AA-4365-8AF2-AD8A4DC60A5A}.Debug|Any CPU.ActiveCfg = Debug|Any CPU
		{2502DF02-92AA-4365-8AF2-AD8A4DC60A5A}.Debug|Any CPU.Build.0 = Debug|Any CPU
		{2502DF02-92AA-4365-8AF2-AD8A4DC60A5A}.Release|Any CPU.ActiveCfg = Release|Any CPU
		{2502DF02-92AA-4365-8AF2-AD8A4DC60A5A}.Release|Any CPU.Build.0 = Release|Any CPU
	EndGlobalSection
	GlobalSection(SolutionProperties) = preSolution
		HideSolutionNode = FALSE
	EndGlobalSection
	GlobalSection(ExtensibilityGlobals) = postSolution
		SolutionGuid = {80E069F6-B116-4DF5-B4DD-E31A98434F15}
	EndGlobalSection
EndGlobal
